
Microsoft Visual Studio Solution File, Format Version 12.00
# Visual Studio Version 17
VisualStudioVersion = 17.4.33122.133
MinimumVisualStudioVersion = 10.0.40219.1
Project("{FAE04EC0-301F-11D3-BF4B-00C04F79EFBC}") = "Financial Balance API", "Financial Balance API\Financial Balance API.csproj", "{F95C85C8-75B3-4D2D-90C5-AB669FCBD5F3}"
EndProject
Project("{FAE04EC0-301F-11D3-BF4B-00C04F79EFBC}") = "DB", "DB\DB.csproj", "{3A77315B-9081-4D8B-A949-78A695215917}"
EndProject
Global
	GlobalSection(SolutionConfigurationPlatforms) = preSolution
		Debug|Any CPU = Debug|Any CPU
		Release|Any CPU = Release|Any CPU
	EndGlobalSection
	GlobalSection(ProjectConfigurationPlatforms) = postSolution
		{F95C85C8-75B3-4D2D-90C5-AB669FCBD5F3}.Debug|Any CPU.ActiveCfg = Debug|Any CPU
		{F95C85C8-75B3-4D2D-90C5-AB669FCBD5F3}.Debug|Any CPU.Build.0 = Debug|Any CPU
		{F95C85C8-75B3-4D2D-90C5-AB669FCBD5F3}.Release|Any CPU.ActiveCfg = Release|Any CPU
		{F95C85C8-75B3-4D2D-90C5-AB669FCBD5F3}.Release|Any CPU.Build.0 = Release|Any CPU
		{3A77315B-9081-4D8B-A949-78A695215917}.Debug|Any CPU.ActiveCfg = Debug|Any CPU
		{3A77315B-9081-4D8B-A949-78A695215917}.Debug|Any CPU.Build.0 = Debug|Any CPU
		{3A77315B-9081-4D8B-A949-78A695215917}.Release|Any CPU.ActiveCfg = Release|Any CPU
		{3A77315B-9081-4D8B-A949-78A695215917}.Release|Any CPU.Build.0 = Release|Any CPU
	EndGlobalSection
	GlobalSection(SolutionProperties) = preSolution
		HideSolutionNode = FALSE
	EndGlobalSection
	GlobalSection(ExtensibilityGlobals) = postSolution
		SolutionGuid = {DFDED67E-75B2-4199-9C6E-2E621C0609E5}
	EndGlobalSection
EndGlobal
